
Microsoft Visual Studio Solution File, Format Version 12.00
# Visual Studio 2012
Project("{FAE04EC0-301F-11D3-BF4B-00C04F79EFBC}") = "Tibet.Core", "Tibet.Core\Tibet.Core.csproj", "{656E410F-F545-49DF-A9B8-83DBB97E5952}"
EndProject
Project("{FAE04EC0-301F-11D3-BF4B-00C04F79EFBC}") = "Tibet.Droid", "Tibet.Droid\Tibet.Droid.csproj", "{AFD3773F-FA7A-49CC-A956-CBD423D525DD}"
EndProject
Project("{FAE04EC0-301F-11D3-BF4B-00C04F79EFBC}") = "Tibet.Touch", "Tibet.Touch\Tibet.Touch.csproj", "{2B0EA918-2BBA-4EE0-A210-4F82EC2DAB9F}"
EndProject
Project("{FAE04EC0-301F-11D3-BF4B-00C04F79EFBC}") = "Tibet.Store", "Tibet.Store\Tibet.Store.csproj", "{ED4361D5-827C-4C4F-8FDF-3BD6ADB9A6B2}"
EndProject
Global
	GlobalSection(SolutionConfigurationPlatforms) = preSolution
		Ad-Hoc|Any CPU = Ad-Hoc|Any CPU
		Ad-Hoc|ARM = Ad-Hoc|ARM
		Ad-Hoc|iPhone = Ad-Hoc|iPhone
		Ad-Hoc|iPhoneSimulator = Ad-Hoc|iPhoneSimulator
		Ad-Hoc|Mixed Platforms = Ad-Hoc|Mixed Platforms
		Ad-Hoc|x64 = Ad-Hoc|x64
		Ad-Hoc|x86 = Ad-Hoc|x86
		AppStore|Any CPU = AppStore|Any CPU
		AppStore|ARM = AppStore|ARM
		AppStore|iPhone = AppStore|iPhone
		AppStore|iPhoneSimulator = AppStore|iPhoneSimulator
		AppStore|Mixed Platforms = AppStore|Mixed Platforms
		AppStore|x64 = AppStore|x64
		AppStore|x86 = AppStore|x86
		Debug|Any CPU = Debug|Any CPU
		Debug|ARM = Debug|ARM
		Debug|iPhone = Debug|iPhone
		Debug|iPhoneSimulator = Debug|iPhoneSimulator
		Debug|Mixed Platforms = Debug|Mixed Platforms
		Debug|x64 = Debug|x64
		Debug|x86 = Debug|x86
		Release|Any CPU = Release|Any CPU
		Release|ARM = Release|ARM
		Release|iPhone = Release|iPhone
		Release|iPhoneSimulator = Release|iPhoneSimulator
		Release|Mixed Platforms = Release|Mixed Platforms
		Release|x64 = Release|x64
		Release|x86 = Release|x86
	EndGlobalSection
	GlobalSection(ProjectConfigurationPlatforms) = postSolution
		{656E410F-F545-49DF-A9B8-83DBB97E5952}.Ad-Hoc|Any CPU.ActiveCfg = Release|Any CPU
		{656E410F-F545-49DF-A9B8-83DBB97E5952}.Ad-Hoc|Any CPU.Build.0 = Release|Any CPU
		{656E410F-F545-49DF-A9B8-83DBB97E5952}.Ad-Hoc|ARM.ActiveCfg = Release|Any CPU
		{656E410F-F545-49DF-A9B8-83DBB97E5952}.Ad-Hoc|iPhone.ActiveCfg = Release|Any CPU
		{656E410F-F545-49DF-A9B8-83DBB97E5952}.Ad-Hoc|iPhoneSimulator.ActiveCfg = Release|Any CPU
		{656E410F-F545-49DF-A9B8-83DBB97E5952}.Ad-Hoc|Mixed Platforms.ActiveCfg = Release|Any CPU
		{656E410F-F545-49DF-A9B8-83DBB97E5952}.Ad-Hoc|Mixed Platforms.Build.0 = Release|Any CPU
		{656E410F-F545-49DF-A9B8-83DBB97E5952}.Ad-Hoc|x64.ActiveCfg = Release|Any CPU
		{656E410F-F545-49DF-A9B8-83DBB97E5952}.Ad-Hoc|x86.ActiveCfg = Release|Any CPU
		{656E410F-F545-49DF-A9B8-83DBB97E5952}.AppStore|Any CPU.ActiveCfg = Release|Any CPU
		{656E410F-F545-49DF-A9B8-83DBB97E5952}.AppStore|Any CPU.Build.0 = Release|Any CPU
		{656E410F-F545-49DF-A9B8-83DBB97E5952}.AppStore|ARM.ActiveCfg = Release|Any CPU
		{656E410F-F545-49DF-A9B8-83DBB97E5952}.AppStore|iPhone.ActiveCfg = Release|Any CPU
		{656E410F-F545-49DF-A9B8-83DBB97E5952}.AppStore|iPhoneSimulator.ActiveCfg = Release|Any CPU
		{656E410F-F545-49DF-A9B8-83DBB97E5952}.AppStore|Mixed Platforms.ActiveCfg = Release|Any CPU
		{656E410F-F545-49DF-A9B8-83DBB97E5952}.AppStore|Mixed Platforms.Build.0 = Release|Any CPU
		{656E410F-F545-49DF-A9B8-83DBB97E5952}.AppStore|x64.ActiveCfg = Release|Any CPU
		{656E410F-F545-49DF-A9B8-83DBB97E5952}.AppStore|x86.ActiveCfg = Release|Any CPU
		{656E410F-F545-49DF-A9B8-83DBB97E5952}.Debug|Any CPU.ActiveCfg = Debug|Any CPU
		{656E410F-F545-49DF-A9B8-83DBB97E5952}.Debug|Any CPU.Build.0 = Debug|Any CPU
		{656E410F-F545-49DF-A9B8-83DBB97E5952}.Debug|ARM.ActiveCfg = Debug|Any CPU
		{656E410F-F545-49DF-A9B8-83DBB97E5952}.Debug|iPhone.ActiveCfg = Debug|Any CPU
		{656E410F-F545-49DF-A9B8-83DBB97E5952}.Debug|iPhoneSimulator.ActiveCfg = Debug|Any CPU
		{656E410F-F545-49DF-A9B8-83DBB97E5952}.Debug|Mixed Platforms.ActiveCfg = Debug|Any CPU
		{656E410F-F545-49DF-A9B8-83DBB97E5952}.Debug|Mixed Platforms.Build.0 = Debug|Any CPU
		{656E410F-F545-49DF-A9B8-83DBB97E5952}.Debug|x64.ActiveCfg = Debug|Any CPU
		{656E410F-F545-49DF-A9B8-83DBB97E5952}.Debug|x86.ActiveCfg = Debug|Any CPU
		{656E410F-F545-49DF-A9B8-83DBB97E5952}.Release|Any CPU.ActiveCfg = Release|Any CPU
		{656E410F-F545-49DF-A9B8-83DBB97E5952}.Release|Any CPU.Build.0 = Release|Any CPU
		{656E410F-F545-49DF-A9B8-83DBB97E5952}.Release|ARM.ActiveCfg = Release|Any CPU
		{656E410F-F545-49DF-A9B8-83DBB97E5952}.Release|iPhone.ActiveCfg = Release|Any CPU
		{656E410F-F545-49DF-A9B8-83DBB97E5952}.Release|iPhoneSimulator.ActiveCfg = Release|Any CPU
		{656E410F-F545-49DF-A9B8-83DBB97E5952}.Release|Mixed Platforms.ActiveCfg = Release|Any CPU
		{656E410F-F545-49DF-A9B8-83DBB97E5952}.Release|Mixed Platforms.Build.0 = Release|Any CPU
		{656E410F-F545-49DF-A9B8-83DBB97E5952}.Release|x64.ActiveCfg = Release|Any CPU
		{656E410F-F545-49DF-A9B8-83DBB97E5952}.Release|x86.ActiveCfg = Release|Any CPU
		{AFD3773F-FA7A-49CC-A956-CBD423D525DD}.Ad-Hoc|Any CPU.ActiveCfg = Release|Any CPU
		{AFD3773F-FA7A-49CC-A956-CBD423D525DD}.Ad-Hoc|Any CPU.Build.0 = Release|Any CPU
		{AFD3773F-FA7A-49CC-A956-CBD423D525DD}.Ad-Hoc|Any CPU.Deploy.0 = Release|Any CPU
		{AFD3773F-FA7A-49CC-A956-CBD423D525DD}.Ad-Hoc|ARM.ActiveCfg = Release|Any CPU
		{AFD3773F-FA7A-49CC-A956-CBD423D525DD}.Ad-Hoc|iPhone.ActiveCfg = Release|Any CPU
		{AFD3773F-FA7A-49CC-A956-CBD423D525DD}.Ad-Hoc|iPhoneSimulator.ActiveCfg = Release|Any CPU
		{AFD3773F-FA7A-49CC-A956-CBD423D525DD}.Ad-Hoc|Mixed Platforms.ActiveCfg = Release|Any CPU
		{AFD3773F-FA7A-49CC-A956-CBD423D525DD}.Ad-Hoc|Mixed Platforms.Build.0 = Release|Any CPU
		{AFD3773F-FA7A-49CC-A956-CBD423D525DD}.Ad-Hoc|Mixed Platforms.Deploy.0 = Release|Any CPU
		{AFD3773F-FA7A-49CC-A956-CBD423D525DD}.Ad-Hoc|x64.ActiveCfg = Release|Any CPU
		{AFD3773F-FA7A-49CC-A956-CBD423D525DD}.Ad-Hoc|x86.ActiveCfg = Release|Any CPU
		{AFD3773F-FA7A-49CC-A956-CBD423D525DD}.AppStore|Any CPU.ActiveCfg = Release|Any CPU
		{AFD3773F-FA7A-49CC-A956-CBD423D525DD}.AppStore|Any CPU.Build.0 = Release|Any CPU
		{AFD3773F-FA7A-49CC-A956-CBD423D525DD}.AppStore|Any CPU.Deploy.0 = Release|Any CPU
		{AFD3773F-FA7A-49CC-A956-CBD423D525DD}.AppStore|ARM.ActiveCfg = Release|Any CPU
		{AFD3773F-FA7A-49CC-A956-CBD423D525DD}.AppStore|iPhone.ActiveCfg = Release|Any CPU
		{AFD3773F-FA7A-49CC-A956-CBD423D525DD}.AppStore|iPhoneSimulator.ActiveCfg = Release|Any CPU
		{AFD3773F-FA7A-49CC-A956-CBD423D525DD}.AppStore|Mixed Platforms.ActiveCfg = Release|Any CPU
		{AFD3773F-FA7A-49CC-A956-CBD423D525DD}.AppStore|Mixed Platforms.Build.0 = Release|Any CPU
		{AFD3773F-FA7A-49CC-A956-CBD423D525DD}.AppStore|Mixed Platforms.Deploy.0 = Release|Any CPU
		{AFD3773F-FA7A-49CC-A956-CBD423D525DD}.AppStore|x64.ActiveCfg = Release|Any CPU
		{AFD3773F-FA7A-49CC-A956-CBD423D525DD}.AppStore|x86.ActiveCfg = Release|Any CPU
		{AFD3773F-FA7A-49CC-A956-CBD423D525DD}.Debug|Any CPU.ActiveCfg = Debug|Any CPU
		{AFD3773F-FA7A-49CC-A956-CBD423D525DD}.Debug|Any CPU.Build.0 = Debug|Any CPU
		{AFD3773F-FA7A-49CC-A956-CBD423D525DD}.Debug|Any CPU.Deploy.0 = Debug|Any CPU
		{AFD3773F-FA7A-49CC-A956-CBD423D525DD}.Debug|ARM.ActiveCfg = Debug|Any CPU
		{AFD3773F-FA7A-49CC-A956-CBD423D525DD}.Debug|iPhone.ActiveCfg = Debug|Any CPU
		{AFD3773F-FA7A-49CC-A956-CBD423D525DD}.Debug|iPhoneSimulator.ActiveCfg = Debug|Any CPU
		{AFD3773F-FA7A-49CC-A956-CBD423D525DD}.Debug|Mixed Platforms.ActiveCfg = Debug|Any CPU
		{AFD3773F-FA7A-49CC-A956-CBD423D525DD}.Debug|Mixed Platforms.Build.0 = Debug|Any CPU
		{AFD3773F-FA7A-49CC-A956-CBD423D525DD}.Debug|Mixed Platforms.Deploy.0 = Debug|Any CPU
		{AFD3773F-FA7A-49CC-A956-CBD423D525DD}.Debug|x64.ActiveCfg = Debug|Any CPU
		{AFD3773F-FA7A-49CC-A956-CBD423D525DD}.Debug|x86.ActiveCfg = Debug|Any CPU
		{AFD3773F-FA7A-49CC-A956-CBD423D525DD}.Release|Any CPU.ActiveCfg = Release|Any CPU
		{AFD3773F-FA7A-49CC-A956-CBD423D525DD}.Release|Any CPU.Build.0 = Release|Any CPU
		{AFD3773F-FA7A-49CC-A956-CBD423D525DD}.Release|Any CPU.Deploy.0 = Release|Any CPU
		{AFD3773F-FA7A-49CC-A956-CBD423D525DD}.Release|ARM.ActiveCfg = Release|Any CPU
		{AFD3773F-FA7A-49CC-A956-CBD423D525DD}.Release|iPhone.ActiveCfg = Release|Any CPU
		{AFD3773F-FA7A-49CC-A956-CBD423D525DD}.Release|iPhoneSimulator.ActiveCfg = Release|Any CPU
		{AFD3773F-FA7A-49CC-A956-CBD423D525DD}.Release|Mixed Platforms.ActiveCfg = Release|Any CPU
		{AFD3773F-FA7A-49CC-A956-CBD423D525DD}.Release|Mixed Platforms.Build.0 = Release|Any CPU
		{AFD3773F-FA7A-49CC-A956-CBD423D525DD}.Release|Mixed Platforms.Deploy.0 = Release|Any CPU
		{AFD3773F-FA7A-49CC-A956-CBD423D525DD}.Release|x64.ActiveCfg = Release|Any CPU
		{AFD3773F-FA7A-49CC-A956-CBD423D525DD}.Release|x86.ActiveCfg = Release|Any CPU
		{2B0EA918-2BBA-4EE0-A210-4F82EC2DAB9F}.Ad-Hoc|Any CPU.ActiveCfg = Ad-Hoc|iPhone
		{2B0EA918-2BBA-4EE0-A210-4F82EC2DAB9F}.Ad-Hoc|ARM.ActiveCfg = Ad-Hoc|iPhone
		{2B0EA918-2BBA-4EE0-A210-4F82EC2DAB9F}.Ad-Hoc|iPhone.ActiveCfg = Ad-Hoc|iPhone
		{2B0EA918-2BBA-4EE0-A210-4F82EC2DAB9F}.Ad-Hoc|iPhone.Build.0 = Ad-Hoc|iPhone
		{2B0EA918-2BBA-4EE0-A210-4F82EC2DAB9F}.Ad-Hoc|iPhoneSimulator.ActiveCfg = Ad-Hoc|iPhoneSimulator
		{2B0EA918-2BBA-4EE0-A210-4F82EC2DAB9F}.Ad-Hoc|iPhoneSimulator.Build.0 = Ad-Hoc|iPhoneSimulator
		{2B0EA918-2BBA-4EE0-A210-4F82EC2DAB9F}.Ad-Hoc|Mixed Platforms.ActiveCfg = Ad-Hoc|iPhone
		{2B0EA918-2BBA-4EE0-A210-4F82EC2DAB9F}.Ad-Hoc|Mixed Platforms.Build.0 = Ad-Hoc|iPhone
		{2B0EA918-2BBA-4EE0-A210-4F82EC2DAB9F}.Ad-Hoc|x64.ActiveCfg = Ad-Hoc|iPhone
		{2B0EA918-2BBA-4EE0-A210-4F82EC2DAB9F}.Ad-Hoc|x86.ActiveCfg = Ad-Hoc|iPhone
		{2B0EA918-2BBA-4EE0-A210-4F82EC2DAB9F}.AppStore|Any CPU.ActiveCfg = AppStore|iPhone
		{2B0EA918-2BBA-4EE0-A210-4F82EC2DAB9F}.AppStore|ARM.ActiveCfg = AppStore|iPhone
		{2B0EA918-2BBA-4EE0-A210-4F82EC2DAB9F}.AppStore|iPhone.ActiveCfg = AppStore|iPhone
		{2B0EA918-2BBA-4EE0-A210-4F82EC2DAB9F}.AppStore|iPhone.Build.0 = AppStore|iPhone
		{2B0EA918-2BBA-4EE0-A210-4F82EC2DAB9F}.AppStore|iPhoneSimulator.ActiveCfg = AppStore|iPhoneSimulator
		{2B0EA918-2BBA-4EE0-A210-4F82EC2DAB9F}.AppStore|iPhoneSimulator.Build.0 = AppStore|iPhoneSimulator
		{2B0EA918-2BBA-4EE0-A210-4F82EC2DAB9F}.AppStore|Mixed Platforms.ActiveCfg = AppStore|iPhone
		{2B0EA918-2BBA-4EE0-A210-4F82EC2DAB9F}.AppStore|Mixed Platforms.Build.0 = AppStore|iPhone
		{2B0EA918-2BBA-4EE0-A210-4F82EC2DAB9F}.AppStore|x64.ActiveCfg = AppStore|iPhone
		{2B0EA918-2BBA-4EE0-A210-4F82EC2DAB9F}.AppStore|x86.ActiveCfg = AppStore|iPhone
		{2B0EA918-2BBA-4EE0-A210-4F82EC2DAB9F}.Debug|Any CPU.ActiveCfg = Debug|iPhone
		{2B0EA918-2BBA-4EE0-A210-4F82EC2DAB9F}.Debug|ARM.ActiveCfg = Debug|iPhone
		{2B0EA918-2BBA-4EE0-A210-4F82EC2DAB9F}.Debug|iPhone.ActiveCfg = Debug|iPhone
		{2B0EA918-2BBA-4EE0-A210-4F82EC2DAB9F}.Debug|iPhone.Build.0 = Debug|iPhone
		{2B0EA918-2BBA-4EE0-A210-4F82EC2DAB9F}.Debug|iPhoneSimulator.ActiveCfg = Debug|iPhoneSimulator
		{2B0EA918-2BBA-4EE0-A210-4F82EC2DAB9F}.Debug|iPhoneSimulator.Build.0 = Debug|iPhoneSimulator
		{2B0EA918-2BBA-4EE0-A210-4F82EC2DAB9F}.Debug|Mixed Platforms.ActiveCfg = Debug|iPhone
		{2B0EA918-2BBA-4EE0-A210-4F82EC2DAB9F}.Debug|Mixed Platforms.Build.0 = Debug|iPhone
		{2B0EA918-2BBA-4EE0-A210-4F82EC2DAB9F}.Debug|x64.ActiveCfg = Debug|iPhone
		{2B0EA918-2BBA-4EE0-A210-4F82EC2DAB9F}.Debug|x86.ActiveCfg = Debug|iPhone
		{2B0EA918-2BBA-4EE0-A210-4F82EC2DAB9F}.Release|Any CPU.ActiveCfg = Release|iPhone
		{2B0EA918-2BBA-4EE0-A210-4F82EC2DAB9F}.Release|ARM.ActiveCfg = Release|iPhone
		{2B0EA918-2BBA-4EE0-A210-4F82EC2DAB9F}.Release|iPhone.ActiveCfg = Release|iPhone
		{2B0EA918-2BBA-4EE0-A210-4F82EC2DAB9F}.Release|iPhone.Build.0 = Release|iPhone
		{2B0EA918-2BBA-4EE0-A210-4F82EC2DAB9F}.Release|iPhoneSimulator.ActiveCfg = Release|iPhoneSimulator
		{2B0EA918-2BBA-4EE0-A210-4F82EC2DAB9F}.Release|iPhoneSimulator.Build.0 = Release|iPhoneSimulator
		{2B0EA918-2BBA-4EE0-A210-4F82EC2DAB9F}.Release|Mixed Platforms.ActiveCfg = Release|iPhone
		{2B0EA918-2BBA-4EE0-A210-4F82EC2DAB9F}.Release|Mixed Platforms.Build.0 = Release|iPhone
		{2B0EA918-2BBA-4EE0-A210-4F82EC2DAB9F}.Release|x64.ActiveCfg = Release|iPhone
		{2B0EA918-2BBA-4EE0-A210-4F82EC2DAB9F}.Release|x86.ActiveCfg = Release|iPhone
		{ED4361D5-827C-4C4F-8FDF-3BD6ADB9A6B2}.Ad-Hoc|Any CPU.ActiveCfg = Release|Any CPU
		{ED4361D5-827C-4C4F-8FDF-3BD6ADB9A6B2}.Ad-Hoc|Any CPU.Build.0 = Release|Any CPU
		{ED4361D5-827C-4C4F-8FDF-3BD6ADB9A6B2}.Ad-Hoc|Any CPU.Deploy.0 = Release|Any CPU
		{ED4361D5-827C-4C4F-8FDF-3BD6ADB9A6B2}.Ad-Hoc|ARM.ActiveCfg = Release|ARM
		{ED4361D5-827C-4C4F-8FDF-3BD6ADB9A6B2}.Ad-Hoc|ARM.Build.0 = Release|ARM
		{ED4361D5-827C-4C4F-8FDF-3BD6ADB9A6B2}.Ad-Hoc|ARM.Deploy.0 = Release|ARM
		{ED4361D5-827C-4C4F-8FDF-3BD6ADB9A6B2}.Ad-Hoc|iPhone.ActiveCfg = Release|Any CPU
		{ED4361D5-827C-4C4F-8FDF-3BD6ADB9A6B2}.Ad-Hoc|iPhoneSimulator.ActiveCfg = Release|Any CPU
		{ED4361D5-827C-4C4F-8FDF-3BD6ADB9A6B2}.Ad-Hoc|Mixed Platforms.ActiveCfg = Release|x86
		{ED4361D5-827C-4C4F-8FDF-3BD6ADB9A6B2}.Ad-Hoc|Mixed Platforms.Build.0 = Release|x86
		{ED4361D5-827C-4C4F-8FDF-3BD6ADB9A6B2}.Ad-Hoc|Mixed Platforms.Deploy.0 = Release|x86
		{ED4361D5-827C-4C4F-8FDF-3BD6ADB9A6B2}.Ad-Hoc|x64.ActiveCfg = Release|x64
		{ED4361D5-827C-4C4F-8FDF-3BD6ADB9A6B2}.Ad-Hoc|x64.Build.0 = Release|x64
		{ED4361D5-827C-4C4F-8FDF-3BD6ADB9A6B2}.Ad-Hoc|x64.Deploy.0 = Release|x64
		{ED4361D5-827C-4C4F-8FDF-3BD6ADB9A6B2}.Ad-Hoc|x86.ActiveCfg = Release|x86
		{ED4361D5-827C-4C4F-8FDF-3BD6ADB9A6B2}.Ad-Hoc|x86.Build.0 = Release|x86
		{ED4361D5-827C-4C4F-8FDF-3BD6ADB9A6B2}.Ad-Hoc|x86.Deploy.0 = Release|x86
		{ED4361D5-827C-4C4F-8FDF-3BD6ADB9A6B2}.AppStore|Any CPU.ActiveCfg = Release|Any CPU
		{ED4361D5-827C-4C4F-8FDF-3BD6ADB9A6B2}.AppStore|Any CPU.Build.0 = Release|Any CPU
		{ED4361D5-827C-4C4F-8FDF-3BD6ADB9A6B2}.AppStore|Any CPU.Deploy.0 = Release|Any CPU
		{ED4361D5-827C-4C4F-8FDF-3BD6ADB9A6B2}.AppStore|ARM.ActiveCfg = Release|ARM
		{ED4361D5-827C-4C4F-8FDF-3BD6ADB9A6B2}.AppStore|ARM.Build.0 = Release|ARM
		{ED4361D5-827C-4C4F-8FDF-3BD6ADB9A6B2}.AppStore|ARM.Deploy.0 = Release|ARM
		{ED4361D5-827C-4C4F-8FDF-3BD6ADB9A6B2}.AppStore|iPhone.ActiveCfg = Release|Any CPU
		{ED4361D5-827C-4C4F-8FDF-3BD6ADB9A6B2}.AppStore|iPhoneSimulator.ActiveCfg = Release|Any CPU
		{ED4361D5-827C-4C4F-8FDF-3BD6ADB9A6B2}.AppStore|Mixed Platforms.ActiveCfg = Release|x86
		{ED4361D5-827C-4C4F-8FDF-3BD6ADB9A6B2}.AppStore|Mixed Platforms.Build.0 = Release|x86
		{ED4361D5-827C-4C4F-8FDF-3BD6ADB9A6B2}.AppStore|Mixed Platforms.Deploy.0 = Release|x86
		{ED4361D5-827C-4C4F-8FDF-3BD6ADB9A6B2}.AppStore|x64.ActiveCfg = Release|x64
		{ED4361D5-827C-4C4F-8FDF-3BD6ADB9A6B2}.AppStore|x64.Build.0 = Release|x64
		{ED4361D5-827C-4C4F-8FDF-3BD6ADB9A6B2}.AppStore|x64.Deploy.0 = Release|x64
		{ED4361D5-827C-4C4F-8FDF-3BD6ADB9A6B2}.AppStore|x86.ActiveCfg = Release|x86
		{ED4361D5-827C-4C4F-8FDF-3BD6ADB9A6B2}.AppStore|x86.Build.0 = Release|x86
		{ED4361D5-827C-4C4F-8FDF-3BD6ADB9A6B2}.AppStore|x86.Deploy.0 = Release|x86
		{ED4361D5-827C-4C4F-8FDF-3BD6ADB9A6B2}.Debug|Any CPU.ActiveCfg = Debug|Any CPU
		{ED4361D5-827C-4C4F-8FDF-3BD6ADB9A6B2}.Debug|Any CPU.Build.0 = Debug|Any CPU
		{ED4361D5-827C-4C4F-8FDF-3BD6ADB9A6B2}.Debug|Any CPU.Deploy.0 = Debug|Any CPU
		{ED4361D5-827C-4C4F-8FDF-3BD6ADB9A6B2}.Debug|ARM.ActiveCfg = Debug|ARM
		{ED4361D5-827C-4C4F-8FDF-3BD6ADB9A6B2}.Debug|ARM.Build.0 = Debug|ARM
		{ED4361D5-827C-4C4F-8FDF-3BD6ADB9A6B2}.Debug|ARM.Deploy.0 = Debug|ARM
		{ED4361D5-827C-4C4F-8FDF-3BD6ADB9A6B2}.Debug|iPhone.ActiveCfg = Debug|Any CPU
		{ED4361D5-827C-4C4F-8FDF-3BD6ADB9A6B2}.Debug|iPhoneSimulator.ActiveCfg = Debug|Any CPU
		{ED4361D5-827C-4C4F-8FDF-3BD6ADB9A6B2}.Debug|Mixed Platforms.ActiveCfg = Debug|x86
		{ED4361D5-827C-4C4F-8FDF-3BD6ADB9A6B2}.Debug|Mixed Platforms.Build.0 = Debug|x86
		{ED4361D5-827C-4C4F-8FDF-3BD6ADB9A6B2}.Debug|Mixed Platforms.Deploy.0 = Debug|x86
		{ED4361D5-827C-4C4F-8FDF-3BD6ADB9A6B2}.Debug|x64.ActiveCfg = Debug|x64
		{ED4361D5-827C-4C4F-8FDF-3BD6ADB9A6B2}.Debug|x64.Build.0 = Debug|x64
		{ED4361D5-827C-4C4F-8FDF-3BD6ADB9A6B2}.Debug|x64.Deploy.0 = Debug|x64
		{ED4361D5-827C-4C4F-8FDF-3BD6ADB9A6B2}.Debug|x86.ActiveCfg = Debug|x86
		{ED4361D5-827C-4C4F-8FDF-3BD6ADB9A6B2}.Debug|x86.Build.0 = Debug|x86
		{ED4361D5-827C-4C4F-8FDF-3BD6ADB9A6B2}.Debug|x86.Deploy.0 = Debug|x86
		{ED4361D5-827C-4C4F-8FDF-3BD6ADB9A6B2}.Release|Any CPU.ActiveCfg = Release|Any CPU
		{ED4361D5-827C-4C4F-8FDF-3BD6ADB9A6B2}.Release|Any CPU.Build.0 = Release|Any CPU
		{ED4361D5-827C-4C4F-8FDF-3BD6ADB9A6B2}.Release|Any CPU.Deploy.0 = Release|Any CPU
		{ED4361D5-827C-4C4F-8FDF-3BD6ADB9A6B2}.Release|ARM.ActiveCfg = Release|ARM
		{ED4361D5-827C-4C4F-8FDF-3BD6ADB9A6B2}.Release|ARM.Build.0 = Release|ARM
		{ED4361D5-827C-4C4F-8FDF-3BD6ADB9A6B2}.Release|ARM.Deploy.0 = Release|ARM
		{ED4361D5-827C-4C4F-8FDF-3BD6ADB9A6B2}.Release|iPhone.ActiveCfg = Release|Any CPU
		{ED4361D5-827C-4C4F-8FDF-3BD6ADB9A6B2}.Release|iPhoneSimulator.ActiveCfg = Release|Any CPU
		{ED4361D5-827C-4C4F-8FDF-3BD6ADB9A6B2}.Release|Mixed Platforms.ActiveCfg = Release|x86
		{ED4361D5-827C-4C4F-8FDF-3BD6ADB9A6B2}.Release|Mixed Platforms.Build.0 = Release|x86
		{ED4361D5-827C-4C4F-8FDF-3BD6ADB9A6B2}.Release|Mixed Platforms.Deploy.0 = Release|x86
		{ED4361D5-827C-4C4F-8FDF-3BD6ADB9A6B2}.Release|x64.ActiveCfg = Release|x64
		{ED4361D5-827C-4C4F-8FDF-3BD6ADB9A6B2}.Release|x64.Build.0 = Release|x64
		{ED4361D5-827C-4C4F-8FDF-3BD6ADB9A6B2}.Release|x64.Deploy.0 = Release|x64
		{ED4361D5-827C-4C4F-8FDF-3BD6ADB9A6B2}.Release|x86.ActiveCfg = Release|x86
		{ED4361D5-827C-4C4F-8FDF-3BD6ADB9A6B2}.Release|x86.Build.0 = Release|x86
		{ED4361D5-827C-4C4F-8FDF-3BD6ADB9A6B2}.Release|x86.Deploy.0 = Release|x86
	EndGlobalSection
	GlobalSection(SolutionProperties) = preSolution
		HideSolutionNode = FALSE
	EndGlobalSection
EndGlobal
